
Microsoft Visual Studio Solution File, Format Version 12.00
# Visual Studio 15
VisualStudioVersion = 15.0.27428.1
MinimumVisualStudioVersion = 10.0.40219.1
Project("{8BC9CEB8-8B4A-11D0-8D11-00A0C91BC942}") = "Project6", "Project6\Project6.vcxproj", "{F403FA2D-B4F7-477C-8B79-927B0ABECCCE}"
EndProject
Global
	GlobalSection(SolutionConfigurationPlatforms) = preSolution
		Debug|x64 = Debug|x64
		Debug|x86 = Debug|x86
		Release|x64 = Release|x64
		Release|x86 = Release|x86
	EndGlobalSection
	GlobalSection(ProjectConfigurationPlatforms) = postSolution
		{F403FA2D-B4F7-477C-8B79-927B0ABECCCE}.Debug|x64.ActiveCfg = Debug|x64
		{F403FA2D-B4F7-477C-8B79-927B0ABECCCE}.Debug|x64.Build.0 = Debug|x64
		{F403FA2D-B4F7-477C-8B79-927B0ABECCCE}.Debug|x86.ActiveCfg = Debug|Win32
		{F403FA2D-B4F7-477C-8B79-927B0ABECCCE}.Debug|x86.Build.0 = Debug|Win32
		{F403FA2D-B4F7-477C-8B79-927B0ABECCCE}.Release|x64.ActiveCfg = Release|x64
		{F403FA2D-B4F7-477C-8B79-927B0ABECCCE}.Release|x64.Build.0 = Release|x64
		{F403FA2D-B4F7-477C-8B79-927B0ABECCCE}.Release|x86.ActiveCfg = Release|Win32
		{F403FA2D-B4F7-477C-8B79-927B0ABECCCE}.Release|x86.Build.0 = Release|Win32
	EndGlobalSection
	GlobalSection(SolutionProperties) = preSolution
		HideSolutionNode = FALSE
	EndGlobalSection
	GlobalSection(ExtensibilityGlobals) = postSolution
		SolutionGuid = {66057928-79A5-4118-9F6E-3829C4B84D1A}
	EndGlobalSection
EndGlobal
