
Microsoft Visual Studio Solution File, Format Version 12.00
# Visual Studio 15
VisualStudioVersion = 15.0.27428.1
MinimumVisualStudioVersion = 10.0.40219.1
Project("{8BC9CEB8-8B4A-11D0-8D11-00A0C91BC942}") = "Project8", "Project8\Project8.vcxproj", "{AF46F448-BD98-4D03-970D-4AAA461EF8BE}"
EndProject
Global
	GlobalSection(SolutionConfigurationPlatforms) = preSolution
		Debug|x64 = Debug|x64
		Debug|x86 = Debug|x86
		Release|x64 = Release|x64
		Release|x86 = Release|x86
	EndGlobalSection
	GlobalSection(ProjectConfigurationPlatforms) = postSolution
		{AF46F448-BD98-4D03-970D-4AAA461EF8BE}.Debug|x64.ActiveCfg = Debug|x64
		{AF46F448-BD98-4D03-970D-4AAA461EF8BE}.Debug|x64.Build.0 = Debug|x64
		{AF46F448-BD98-4D03-970D-4AAA461EF8BE}.Debug|x86.ActiveCfg = Debug|Win32
		{AF46F448-BD98-4D03-970D-4AAA461EF8BE}.Debug|x86.Build.0 = Debug|Win32
		{AF46F448-BD98-4D03-970D-4AAA461EF8BE}.Release|x64.ActiveCfg = Release|x64
		{AF46F448-BD98-4D03-970D-4AAA461EF8BE}.Release|x64.Build.0 = Release|x64
		{AF46F448-BD98-4D03-970D-4AAA461EF8BE}.Release|x86.ActiveCfg = Release|Win32
		{AF46F448-BD98-4D03-970D-4AAA461EF8BE}.Release|x86.Build.0 = Release|Win32
	EndGlobalSection
	GlobalSection(SolutionProperties) = preSolution
		HideSolutionNode = FALSE
	EndGlobalSection
	GlobalSection(ExtensibilityGlobals) = postSolution
		SolutionGuid = {DDD5C9FF-0E10-4752-A604-3A0782DC24F9}
	EndGlobalSection
EndGlobal
